// !$*UTF8*$!
{
	archiveVersion = 1;
	classes = {
	};
	objectVersion = 46;
	objects = {

/* Begin PBXBuildFile section */
		C22DDAA6204F3D93005A11F6 /* status.cpp in Sources */ = {isa = PBXBuildFile; fileRef = C22DDAA4204F3D93005A11F6 /* status.cpp */; };
		C22DDAB0204F4476005A11F6 /* player.cpp in Sources */ = {isa = PBXBuildFile; fileRef = C22DDAAE204F4475005A11F6 /* player.cpp */; };
		C22DDAB4204F4BFC005A11F6 /* rulesbased.cpp in Sources */ = {isa = PBXBuildFile; fileRef = C22DDAB2204F4BFC005A11F6 /* rulesbased.cpp */; };
		C22DDAB7204F4FC4005A11F6 /* nnplayer.cpp in Sources */ = {isa = PBXBuildFile; fileRef = C22DDAB5204F4FC4005A11F6 /* nnplayer.cpp */; };
		C22DDABB204F5089005A11F6 /* neuralnetwork.cpp in Sources */ = {isa = PBXBuildFile; fileRef = C22DDAB9204F5089005A11F6 /* neuralnetwork.cpp */; };
		C22DDABE204F532C005A11F6 /* human.cpp in Sources */ = {isa = PBXBuildFile; fileRef = C22DDABC204F532C005A11F6 /* human.cpp */; };
		C22DDAC1204F5403005A11F6 /* training.cpp in Sources */ = {isa = PBXBuildFile; fileRef = C22DDABF204F5403005A11F6 /* training.cpp */; };
		C287E8401ED830E500743B89 /* main.cpp in Sources */ = {isa = PBXBuildFile; fileRef = C287E83F1ED830E500743B89 /* main.cpp */; };
		C2C86760204AFA1200EE0201 /* card.cpp in Sources */ = {isa = PBXBuildFile; fileRef = C2C8675E204AFA1200EE0201 /* card.cpp */; };
		C2C86775204F3ACD00EE0201 /* deck.cpp in Sources */ = {isa = PBXBuildFile; fileRef = C2C86773204F3ACD00EE0201 /* deck.cpp */; };
/* End PBXBuildFile section */

/* Begin PBXCopyFilesBuildPhase section */
		C287E83A1ED830E500743B89 /* CopyFiles */ = {
			isa = PBXCopyFilesBuildPhase;
			buildActionMask = 2147483647;
			dstPath = /usr/share/man/man1/;
			dstSubfolderSpec = 0;
			files = (
			);
			runOnlyForDeploymentPostprocessing = 1;
		};
/* End PBXCopyFilesBuildPhase section */

/* Begin PBXFileReference section */
		C22DDAA4204F3D93005A11F6 /* status.cpp */ = {isa = PBXFileReference; lastKnownFileType = sourcecode.cpp.cpp; path = status.cpp; sourceTree = "<group>"; };
		C22DDAA5204F3D93005A11F6 /* status.h */ = {isa = PBXFileReference; lastKnownFileType = sourcecode.c.h; path = status.h; sourceTree = "<group>"; };
		C22DDAAE204F4475005A11F6 /* player.cpp */ = {isa = PBXFileReference; lastKnownFileType = sourcecode.cpp.cpp; path = player.cpp; sourceTree = "<group>"; };
		C22DDAAF204F4476005A11F6 /* player.h */ = {isa = PBXFileReference; lastKnownFileType = sourcecode.c.h; path = player.h; sourceTree = "<group>"; };
		C22DDAB2204F4BFC005A11F6 /* rulesbased.cpp */ = {isa = PBXFileReference; lastKnownFileType = sourcecode.cpp.cpp; path = rulesbased.cpp; sourceTree = "<group>"; };
		C22DDAB3204F4BFC005A11F6 /* rulesbased.h */ = {isa = PBXFileReference; lastKnownFileType = sourcecode.c.h; path = rulesbased.h; sourceTree = "<group>"; };
		C22DDAB5204F4FC4005A11F6 /* nnplayer.cpp */ = {isa = PBXFileReference; lastKnownFileType = sourcecode.cpp.cpp; path = nnplayer.cpp; sourceTree = "<group>"; };
		C22DDAB6204F4FC4005A11F6 /* nnplayer.h */ = {isa = PBXFileReference; lastKnownFileType = sourcecode.c.h; path = nnplayer.h; sourceTree = "<group>"; };
		C22DDAB9204F5089005A11F6 /* neuralnetwork.cpp */ = {isa = PBXFileReference; lastKnownFileType = sourcecode.cpp.cpp; path = neuralnetwork.cpp; sourceTree = "<group>"; };
		C22DDABA204F5089005A11F6 /* neuralnetwork.h */ = {isa = PBXFileReference; lastKnownFileType = sourcecode.c.h; path = neuralnetwork.h; sourceTree = "<group>"; };
		C22DDABC204F532C005A11F6 /* human.cpp */ = {isa = PBXFileReference; lastKnownFileType = sourcecode.cpp.cpp; path = human.cpp; sourceTree = "<group>"; };
		C22DDABD204F532C005A11F6 /* human.h */ = {isa = PBXFileReference; lastKnownFileType = sourcecode.c.h; path = human.h; sourceTree = "<group>"; };
		C22DDABF204F5403005A11F6 /* training.cpp */ = {isa = PBXFileReference; lastKnownFileType = sourcecode.cpp.cpp; path = training.cpp; sourceTree = "<group>"; };
		C22DDAC0204F5403005A11F6 /* training.h */ = {isa = PBXFileReference; lastKnownFileType = sourcecode.c.h; path = training.h; sourceTree = "<group>"; };
		C287E83C1ED830E500743B89 /* smear */ = {isa = PBXFileReference; explicitFileType = "compiled.mach-o.executable"; includeInIndex = 0; path = smear; sourceTree = BUILT_PRODUCTS_DIR; };
		C287E83F1ED830E500743B89 /* main.cpp */ = {isa = PBXFileReference; lastKnownFileType = sourcecode.cpp.cpp; path = main.cpp; sourceTree = "<group>"; };
		C2C8675E204AFA1200EE0201 /* card.cpp */ = {isa = PBXFileReference; lastKnownFileType = sourcecode.cpp.cpp; path = card.cpp; sourceTree = "<group>"; };
		C2C8675F204AFA1200EE0201 /* card.h */ = {isa = PBXFileReference; lastKnownFileType = sourcecode.c.h; path = card.h; sourceTree = "<group>"; };
		C2C86773204F3ACD00EE0201 /* deck.cpp */ = {isa = PBXFileReference; lastKnownFileType = sourcecode.cpp.cpp; path = deck.cpp; sourceTree = "<group>"; };
		C2C86774204F3ACD00EE0201 /* deck.h */ = {isa = PBXFileReference; lastKnownFileType = sourcecode.c.h; path = deck.h; sourceTree = "<group>"; };
/* End PBXFileReference section */

/* Begin PBXFrameworksBuildPhase section */
		C287E8391ED830E500743B89 /* Frameworks */ = {
			isa = PBXFrameworksBuildPhase;
			buildActionMask = 2147483647;
			files = (
			);
			runOnlyForDeploymentPostprocessing = 0;
		};
/* End PBXFrameworksBuildPhase section */

/* Begin PBXGroup section */
		C22DDAA3204F3D39005A11F6 /* Card, Deck */ = {
			isa = PBXGroup;
			children = (
				C2C8675F204AFA1200EE0201 /* card.h */,
				C2C8675E204AFA1200EE0201 /* card.cpp */,
				C2C86774204F3ACD00EE0201 /* deck.h */,
				C2C86773204F3ACD00EE0201 /* deck.cpp */,
			);
			path = "Card, Deck";
			sourceTree = "<group>";
		};
		C22DDAA7204F43F6005A11F6 /* Game Status */ = {
			isa = PBXGroup;
			children = (
				C22DDAA5204F3D93005A11F6 /* status.h */,
				C22DDAA4204F3D93005A11F6 /* status.cpp */,
			);
			path = "Game Status";
			sourceTree = "<group>";
		};
		C22DDAB1204F4A3F005A11F6 /* Player Types */ = {
			isa = PBXGroup;
			children = (
				C22DDAAF204F4476005A11F6 /* player.h */,
				C22DDAAE204F4475005A11F6 /* player.cpp */,
				C22DDAB3204F4BFC005A11F6 /* rulesbased.h */,
				C22DDAB2204F4BFC005A11F6 /* rulesbased.cpp */,
				C22DDAB6204F4FC4005A11F6 /* nnplayer.h */,
				C22DDAB5204F4FC4005A11F6 /* nnplayer.cpp */,
				C22DDABD204F532C005A11F6 /* human.h */,
				C22DDABC204F532C005A11F6 /* human.cpp */,
			);
			path = "Player Types";
			sourceTree = "<group>";
		};
		C22DDAB8204F5072005A11F6 /* Neural Network */ = {
			isa = PBXGroup;
			children = (
				C22DDABA204F5089005A11F6 /* neuralnetwork.h */,
				C22DDAB9204F5089005A11F6 /* neuralnetwork.cpp */,
				C22DDAC0204F5403005A11F6 /* training.h */,
				C22DDABF204F5403005A11F6 /* training.cpp */,
			);
			path = "Neural Network";
			sourceTree = "<group>";
		};
		C287E8331ED830E500743B89 = {
			isa = PBXGroup;
			children = (
				C287E83E1ED830E500743B89 /* smear */,
				C287E83D1ED830E500743B89 /* Products */,
			);
			sourceTree = "<group>";
		};
		C287E83D1ED830E500743B89 /* Products */ = {
			isa = PBXGroup;
			children = (
				C287E83C1ED830E500743B89 /* smear */,
			);
			name = Products;
			sourceTree = "<group>";
		};
		C287E83E1ED830E500743B89 /* smear */ = {
			isa = PBXGroup;
			children = (
				C287E83F1ED830E500743B89 /* main.cpp */,
				C22DDAB8204F5072005A11F6 /* Neural Network */,
				C22DDAB1204F4A3F005A11F6 /* Player Types */,
				C22DDAA7204F43F6005A11F6 /* Game Status */,
				C22DDAA3204F3D39005A11F6 /* Card, Deck */,
			);
			path = smear;
			sourceTree = "<group>";
		};
/* End PBXGroup section */

/* Begin PBXNativeTarget section */
		C287E83B1ED830E500743B89 /* smear */ = {
			isa = PBXNativeTarget;
			buildConfigurationList = C287E8431ED830E500743B89 /* Build configuration list for PBXNativeTarget "smear" */;
			buildPhases = (
				C287E8381ED830E500743B89 /* Sources */,
				C287E8391ED830E500743B89 /* Frameworks */,
				C287E83A1ED830E500743B89 /* CopyFiles */,
			);
			buildRules = (
			);
			dependencies = (
			);
			name = smear;
			productName = smear;
			productReference = C287E83C1ED830E500743B89 /* smear */;
			productType = "com.apple.product-type.tool";
		};
/* End PBXNativeTarget section */

/* Begin PBXProject section */
		C287E8341ED830E500743B89 /* Project object */ = {
			isa = PBXProject;
			attributes = {
				LastUpgradeCheck = 0830;
				ORGANIZATIONNAME = "Ethan Poortenga";
				TargetAttributes = {
					C287E83B1ED830E500743B89 = {
						CreatedOnToolsVersion = 8.3;
						ProvisioningStyle = Automatic;
					};
				};
			};
			buildConfigurationList = C287E8371ED830E500743B89 /* Build configuration list for PBXProject "smear" */;
			compatibilityVersion = "Xcode 3.2";
			developmentRegion = English;
			hasScannedForEncodings = 0;
			knownRegions = (
				en,
			);
			mainGroup = C287E8331ED830E500743B89;
			productRefGroup = C287E83D1ED830E500743B89 /* Products */;
			projectDirPath = "";
			projectRoot = "";
			targets = (
				C287E83B1ED830E500743B89 /* smear */,
			);
		};
/* End PBXProject section */

/* Begin PBXSourcesBuildPhase section */
		C287E8381ED830E500743B89 /* Sources */ = {
			isa = PBXSourcesBuildPhase;
			buildActionMask = 2147483647;
			files = (
				C287E8401ED830E500743B89 /* main.cpp in Sources */,
				C22DDABE204F532C005A11F6 /* human.cpp in Sources */,
				C22DDAC1204F5403005A11F6 /* training.cpp in Sources */,
				C22DDAB4204F4BFC005A11F6 /* rulesbased.cpp in Sources */,
				C22DDAB0204F4476005A11F6 /* player.cpp in Sources */,
				C22DDABB204F5089005A11F6 /* neuralnetwork.cpp in Sources */,
				C2C86760204AFA1200EE0201 /* card.cpp in Sources */,
				C2C86775204F3ACD00EE0201 /* deck.cpp in Sources */,
				C22DDAA6204F3D93005A11F6 /* status.cpp in Sources */,
				C22DDAB7204F4FC4005A11F6 /* nnplayer.cpp in Sources */,
			);
			runOnlyForDeploymentPostprocessing = 0;
		};
/* End PBXSourcesBuildPhase section */

/* Begin XCBuildConfiguration section */
		C287E8411ED830E500743B89 /* Debug */ = {
			isa = XCBuildConfiguration;
			buildSettings = {
				ALWAYS_SEARCH_USER_PATHS = NO;
				CLANG_ANALYZER_NONNULL = YES;
				CLANG_ANALYZER_NUMBER_OBJECT_CONVERSION = YES_AGGRESSIVE;
				CLANG_CXX_LANGUAGE_STANDARD = "gnu++0x";
				CLANG_CXX_LIBRARY = "libc++";
				CLANG_ENABLE_MODULES = YES;
				CLANG_ENABLE_OBJC_ARC = YES;
				CLANG_WARN_BLOCK_CAPTURE_AUTORELEASING = YES;
				CLANG_WARN_BOOL_CONVERSION = YES;
				CLANG_WARN_COMMA = YES;
				CLANG_WARN_CONSTANT_CONVERSION = YES;
				CLANG_WARN_DIRECT_OBJC_ISA_USAGE = YES_ERROR;
				CLANG_WARN_DOCUMENTATION_COMMENTS = YES;
				CLANG_WARN_EMPTY_BODY = YES;
				CLANG_WARN_ENUM_CONVERSION = YES;
				CLANG_WARN_INFINITE_RECURSION = YES;
				CLANG_WARN_INT_CONVERSION = YES;
				CLANG_WARN_NON_LITERAL_NULL_CONVERSION = YES;
				CLANG_WARN_OBJC_LITERAL_CONVERSION = YES;
				CLANG_WARN_OBJC_ROOT_CLASS = YES_ERROR;
				CLANG_WARN_RANGE_LOOP_ANALYSIS = YES;
				CLANG_WARN_STRICT_PROTOTYPES = YES;
				CLANG_WARN_SUSPICIOUS_MOVE = YES;
				CLANG_WARN_UNREACHABLE_CODE = YES;
				CLANG_WARN__DUPLICATE_METHOD_MATCH = YES;
				CODE_SIGN_IDENTITY = "-";
				COPY_PHASE_STRIP = NO;
				DEBUG_INFORMATION_FORMAT = dwarf;
				ENABLE_STRICT_OBJC_MSGSEND = YES;
				ENABLE_TESTABILITY = YES;
				GCC_C_LANGUAGE_STANDARD = gnu99;
				GCC_DYNAMIC_NO_PIC = NO;
				GCC_NO_COMMON_BLOCKS = YES;
				GCC_OPTIMIZATION_LEVEL = 0;
				GCC_PREPROCESSOR_DEFINITIONS = (
					"DEBUG=1",
					"$(inherited)",
				);
				GCC_WARN_64_TO_32_BIT_CONVERSION = YES;
				GCC_WARN_ABOUT_RETURN_TYPE = YES_ERROR;
				GCC_WARN_UNDECLARED_SELECTOR = YES;
				GCC_WARN_UNINITIALIZED_AUTOS = YES_AGGRESSIVE;
				GCC_WARN_UNUSED_FUNCTION = YES;
				GCC_WARN_UNUSED_VARIABLE = YES;
				MACOSX_DEPLOYMENT_TARGET = 10.12;
				MTL_ENABLE_DEBUG_INFO = YES;
				ONLY_ACTIVE_ARCH = YES;
				SDKROOT = macosx;
			};
			name = Debug;
		};
		C287E8421ED830E500743B89 /* Release */ = {
			isa = XCBuildConfiguration;
			buildSettings = {
				ALWAYS_SEARCH_USER_PATHS = NO;
				CLANG_ANALYZER_NONNULL = YES;
				CLANG_ANALYZER_NUMBER_OBJECT_CONVERSION = YES_AGGRESSIVE;
				CLANG_CXX_LANGUAGE_STANDARD = "gnu++0x";
				CLANG_CXX_LIBRARY = "libc++";
				CLANG_ENABLE_MODULES = YES;
				CLANG_ENABLE_OBJC_ARC = YES;
				CLANG_WARN_BLOCK_CAPTURE_AUTORELEASING = YES;
				CLANG_WARN_BOOL_CONVERSION = YES;
				CLANG_WARN_COMMA = YES;
				CLANG_WARN_CONSTANT_CONVERSION = YES;
				CLANG_WARN_DIRECT_OBJC_ISA_USAGE = YES_ERROR;
				CLANG_WARN_DOCUMENTATION_COMMENTS = YES;
				CLANG_WARN_EMPTY_BODY = YES;
				CLANG_WARN_ENUM_CONVERSION = YES;
				CLANG_WARN_INFINITE_RECURSION = YES;
				CLANG_WARN_INT_CONVERSION = YES;
				CLANG_WARN_NON_LITERAL_NULL_CONVERSION = YES;
				CLANG_WARN_OBJC_LITERAL_CONVERSION = YES;
				CLANG_WARN_OBJC_ROOT_CLASS = YES_ERROR;
				CLANG_WARN_RANGE_LOOP_ANALYSIS = YES;
				CLANG_WARN_STRICT_PROTOTYPES = YES;
				CLANG_WARN_SUSPICIOUS_MOVE = YES;
				CLANG_WARN_UNREACHABLE_CODE = YES;
				CLANG_WARN__DUPLICATE_METHOD_MATCH = YES;
				CODE_SIGN_IDENTITY = "-";
				COPY_PHASE_STRIP = NO;
				DEBUG_INFORMATION_FORMAT = "dwarf-with-dsym";
				ENABLE_NS_ASSERTIONS = NO;
				ENABLE_STRICT_OBJC_MSGSEND = YES;
				GCC_C_LANGUAGE_STANDARD = gnu99;
				GCC_NO_COMMON_BLOCKS = YES;
				GCC_WARN_64_TO_32_BIT_CONVERSION = YES;
				GCC_WARN_ABOUT_RETURN_TYPE = YES_ERROR;
				GCC_WARN_UNDECLARED_SELECTOR = YES;
				GCC_WARN_UNINITIALIZED_AUTOS = YES_AGGRESSIVE;
				GCC_WARN_UNUSED_FUNCTION = YES;
				GCC_WARN_UNUSED_VARIABLE = YES;
				MACOSX_DEPLOYMENT_TARGET = 10.12;
				MTL_ENABLE_DEBUG_INFO = NO;
				SDKROOT = macosx;
			};
			name = Release;
		};
		C287E8441ED830E500743B89 /* Debug */ = {
			isa = XCBuildConfiguration;
			buildSettings = {
				PRODUCT_NAME = "$(TARGET_NAME)";
			};
			name = Debug;
		};
		C287E8451ED830E500743B89 /* Release */ = {
			isa = XCBuildConfiguration;
			buildSettings = {
				PRODUCT_NAME = "$(TARGET_NAME)";
			};
			name = Release;
		};
/* End XCBuildConfiguration section */

/* Begin XCConfigurationList section */
		C287E8371ED830E500743B89 /* Build configuration list for PBXProject "smear" */ = {
			isa = XCConfigurationList;
			buildConfigurations = (
				C287E8411ED830E500743B89 /* Debug */,
				C287E8421ED830E500743B89 /* Release */,
			);
			defaultConfigurationIsVisible = 0;
			defaultConfigurationName = Release;
		};
		C287E8431ED830E500743B89 /* Build configuration list for PBXNativeTarget "smear" */ = {
			isa = XCConfigurationList;
			buildConfigurations = (
				C287E8441ED830E500743B89 /* Debug */,
				C287E8451ED830E500743B89 /* Release */,
			);
			defaultConfigurationIsVisible = 0;
			defaultConfigurationName = Release;
		};
/* End XCConfigurationList section */
	};
	rootObject = C287E8341ED830E500743B89 /* Project object */;
}
